# THIS IS AN AUTOGENERATED FILE. DO NOT EDIT THIS FILE DIRECTLY.
# yarn lockfile v1


"@kurkle/color@^0.3.0":
  version "0.3.4"
  resolved "https://registry.npmjs.org/@kurkle/color/-/color-0.3.4.tgz"
  integrity sha512-M5UknZPHRu3DEDWoipU6sE8PdkZ6Z/S+v4dD+Ke8IaNlpdSQah50lz1KtcFBa2vsdOnwbbnxJwVM4wty6udA5w==

chart.js@^4.4.9:
  version "4.4.9"
  resolved "https://registry.npmjs.org/chart.js/-/chart.js-4.4.9.tgz"
  integrity sha512-EyZ9wWKgpAU0fLJ43YAEIF8sr5F2W3LqbS40ZJyHIner2lY14ufqv2VMp69MAiZ2rpwxEUxEhIH/0U3xyRynxg==
  dependencies:
    "@kurkle/color" "^0.3.0"

survey-core@^2.1.0, survey-core@2.1.0:
  version "2.1.0"
  resolved "https://registry.npmjs.org/survey-core/-/survey-core-2.1.0.tgz"
  integrity sha512-mMbgYpyw7LieZrLEWKlEvsyE9b6rRgEF+rcnaZKIMjDTKy5GT9791WosMfF6lFwUHe0IGufk+I3r/ZmvPGz/ow==

survey-creator-core@^2.1.0:
  version "2.1.0"
  resolved "https://registry.npmjs.org/survey-creator-core/-/survey-creator-core-2.1.0.tgz"
  integrity sha512-HfCVgqGMgQhFJURaVJkbq8Zvjnsn/NupWXsRjVr6hdXWyi04Euh/bJy2m3iikB15tGDxbuM61tvaV1Ykm25ICw==
